// !$*UTF8*$!
{
	archiveVersion = 1;
	classes = {
	};
	objectVersion = 56;
	objects = {

/* Begin PBXBuildFile section */
		2012AE9B2C9F7C1D009F5ED8 /* AppDelegate.swift in Sources */ = {isa = PBXBuildFile; fileRef = 2012AE9A2C9F7C1D009F5ED8 /* AppDelegate.swift */; };
		2012AE9D2C9F7C1D009F5ED8 /* SceneDelegate.swift in Sources */ = {isa = PBXBuildFile; fileRef = 2012AE9C2C9F7C1D009F5ED8 /* SceneDelegate.swift */; };
		2012AEA42C9F7C20009F5ED8 /* Assets.xcassets in Resources */ = {isa = PBXBuildFile; fileRef = 2012AEA32C9F7C20009F5ED8 /* Assets.xcassets */; };
		2012AEA72C9F7C20009F5ED8 /* Base in Resources */ = {isa = PBXBuildFile; fileRef = 2012AEA62C9F7C20009F5ED8 /* Base */; };
		2012AEB62C9F7DEC009F5ED8 /* OnboardingViewController.swift in Sources */ = {isa = PBXBuildFile; fileRef = 2012AEB42C9F7DEC009F5ED8 /* OnboardingViewController.swift */; };
		2012AEB72C9F7DEC009F5ED8 /* OnboardingViewController.xib in Resources */ = {isa = PBXBuildFile; fileRef = 2012AEB52C9F7DEC009F5ED8 /* OnboardingViewController.xib */; };
		2012AEBB2C9F81F1009F5ED8 /* OnboardingCollectionViewCell.swift in Sources */ = {isa = PBXBuildFile; fileRef = 2012AEB92C9F81F1009F5ED8 /* OnboardingCollectionViewCell.swift */; };
		2012AEBC2C9F81F1009F5ED8 /* OnboardingCollectionViewCell.xib in Resources */ = {isa = PBXBuildFile; fileRef = 2012AEBA2C9F81F1009F5ED8 /* OnboardingCollectionViewCell.xib */; };
		201FE63E2CCAC4460082F9F4 /* CartButtonView.swift in Sources */ = {isa = PBXBuildFile; fileRef = 201FE63D2CCAC4460082F9F4 /* CartButtonView.swift */; };
		2028A77D2CA531C300448D59 /* TopHeaderCollectionViewCell.swift in Sources */ = {isa = PBXBuildFile; fileRef = 2028A77B2CA531C300448D59 /* TopHeaderCollectionViewCell.swift */; };
		2028A77E2CA531C300448D59 /* TopHeaderCollectionViewCell.xib in Resources */ = {isa = PBXBuildFile; fileRef = 2028A77C2CA531C300448D59 /* TopHeaderCollectionViewCell.xib */; };
		2032669D2CA2427F00EE7F74 /* UIViewExtensions.swift in Sources */ = {isa = PBXBuildFile; fileRef = 2032669C2CA2427F00EE7F74 /* UIViewExtensions.swift */; };
		2036C5072C9FC4CC0026B255 /* HomeViewController.swift in Sources */ = {isa = PBXBuildFile; fileRef = 2036C5062C9FC4CC0026B255 /* HomeViewController.swift */; };
		2036C50B2C9FC5C20026B255 /* CollectionHelpers.swift in Sources */ = {isa = PBXBuildFile; fileRef = 2036C50A2C9FC5C20026B255 /* CollectionHelpers.swift */; };
		2036C50E2C9FCA7F0026B255 /* Helpers.swift in Sources */ = {isa = PBXBuildFile; fileRef = 2036C50D2C9FCA7F0026B255 /* Helpers.swift */; };
		203C9B8E2CAC07F000E38A27 /* PopularFoodViewController.swift in Sources */ = {isa = PBXBuildFile; fileRef = 203C9B8D2CAC07F000E38A27 /* PopularFoodViewController.swift */; };
		203C9B972CAC0FC600E38A27 /* PopularFoodCollectionViewCell.swift in Sources */ = {isa = PBXBuildFile; fileRef = 203C9B952CAC0FC600E38A27 /* PopularFoodCollectionViewCell.swift */; };
		203C9B982CAC0FC600E38A27 /* PopularFoodCollectionViewCell.xib in Resources */ = {isa = PBXBuildFile; fileRef = 203C9B962CAC0FC600E38A27 /* PopularFoodCollectionViewCell.xib */; };
		203C9B9C2CAC103C00E38A27 /* CategoryViewController.swift in Sources */ = {isa = PBXBuildFile; fileRef = 203C9B9B2CAC103C00E38A27 /* CategoryViewController.swift */; };
		203C9B9E2CAC132200E38A27 /* AppColors.swift in Sources */ = {isa = PBXBuildFile; fileRef = 203C9B9D2CAC132100E38A27 /* AppColors.swift */; };
		203C9BA02CAC159700E38A27 /* MockViewController.swift in Sources */ = {isa = PBXBuildFile; fileRef = 203C9B9F2CAC159700E38A27 /* MockViewController.swift */; };
		20412FB02CC966A1008E180E /* SuggestionProductCollectionViewCell.xib in Resources */ = {isa = PBXBuildFile; fileRef = 20412FAF2CC966A1008E180E /* SuggestionProductCollectionViewCell.xib */; };
		20412FB12CC966A1008E180E /* SuggestionProductCollectionViewCell.swift in Sources */ = {isa = PBXBuildFile; fileRef = 20412FAE2CC966A1008E180E /* SuggestionProductCollectionViewCell.swift */; };
		205F4F412CB9578F00F9D651 /* CartViewController.swift in Sources */ = {isa = PBXBuildFile; fileRef = 205F4F3F2CB9578F00F9D651 /* CartViewController.swift */; };
		205F54DF2CC957A200D284B4 /* CartProductsTableViewCell.xib in Resources */ = {isa = PBXBuildFile; fileRef = 205F54DE2CC957A200D284B4 /* CartProductsTableViewCell.xib */; };
		205F54E02CC957A200D284B4 /* CartProductsTableViewCell.swift in Sources */ = {isa = PBXBuildFile; fileRef = 205F54DD2CC957A200D284B4 /* CartProductsTableViewCell.swift */; };
		205F75C52CA239E7007D734F /* CategoryCollectionViewCell.swift in Sources */ = {isa = PBXBuildFile; fileRef = 205F75C32CA239E7007D734F /* CategoryCollectionViewCell.swift */; };
		205F75C62CA239E7007D734F /* CategoryCollectionViewCell.xib in Resources */ = {isa = PBXBuildFile; fileRef = 205F75C42CA239E7007D734F /* CategoryCollectionViewCell.xib */; };
		20783AAD2CA5438200EEDF0C /* BannerCollectionViewCell.swift in Sources */ = {isa = PBXBuildFile; fileRef = 20783AAB2CA5438200EEDF0C /* BannerCollectionViewCell.swift */; };
		20783AAE2CA5438200EEDF0C /* BannerCollectionViewCell.xib in Resources */ = {isa = PBXBuildFile; fileRef = 20783AAC2CA5438200EEDF0C /* BannerCollectionViewCell.xib */; };
		208815C92CAB8912007CFF8C /* MainTabBarViewController.swift in Sources */ = {isa = PBXBuildFile; fileRef = 208815C82CAB8912007CFF8C /* MainTabBarViewController.swift */; };
		20C0F9672CA55FC000FCF12A /* ProductsCollectionViewCell.swift in Sources */ = {isa = PBXBuildFile; fileRef = 20C0F9652CA55FC000FCF12A /* ProductsCollectionViewCell.swift */; };
		20C0F9682CA55FC000FCF12A /* ProductsCollectionViewCell.xib in Resources */ = {isa = PBXBuildFile; fileRef = 20C0F9662CA55FC000FCF12A /* ProductsCollectionViewCell.xib */; };
		20E95A242CC8150F0091BE8A /* CartViewController.xib in Resources */ = {isa = PBXBuildFile; fileRef = 205F4F402CB9578F00F9D651 /* CartViewController.xib */; };
		20E9AD6E2CB1200E00F480F5 /* ProductDetailsView.swift in Sources */ = {isa = PBXBuildFile; fileRef = 20E9AD6D2CB1200E00F480F5 /* ProductDetailsView.swift */; };
		20E9AD722CB1251800F480F5 /* ProductImageView.swift in Sources */ = {isa = PBXBuildFile; fileRef = 20E9AD712CB1251800F480F5 /* ProductImageView.swift */; };
		20E9AD742CB1289600F480F5 /* ProductDataView.swift in Sources */ = {isa = PBXBuildFile; fileRef = 20E9AD732CB1289600F480F5 /* ProductDataView.swift */; };
		20E9AD762CB142F500F480F5 /* ProductDetailsViewController.swift in Sources */ = {isa = PBXBuildFile; fileRef = 20E9AD752CB142F500F480F5 /* ProductDetailsViewController.swift */; };
		20EC084C2CA227AA002B5FB9 /* HeaderSectionCollectionReusableView.xib in Resources */ = {isa = PBXBuildFile; fileRef = 20EC084B2CA227AA002B5FB9 /* HeaderSectionCollectionReusableView.xib */; };
		20EC084D2CA227AA002B5FB9 /* HeaderSectionCollectionReusableView.swift in Sources */ = {isa = PBXBuildFile; fileRef = 20EC084A2CA227AA002B5FB9 /* HeaderSectionCollectionReusableView.swift */; };
/* End PBXBuildFile section */

/* Begin PBXFileReference section */
		2012AE972C9F7C1D009F5ED8 /* Yumum.app */ = {isa = PBXFileReference; explicitFileType = wrapper.application; includeInIndex = 0; path = Yumum.app; sourceTree = BUILT_PRODUCTS_DIR; };
		2012AE9A2C9F7C1D009F5ED8 /* AppDelegate.swift */ = {isa = PBXFileReference; lastKnownFileType = sourcecode.swift; path = AppDelegate.swift; sourceTree = "<group>"; };
		2012AE9C2C9F7C1D009F5ED8 /* SceneDelegate.swift */ = {isa = PBXFileReference; lastKnownFileType = sourcecode.swift; path = SceneDelegate.swift; sourceTree = "<group>"; };
		2012AEA32C9F7C20009F5ED8 /* Assets.xcassets */ = {isa = PBXFileReference; lastKnownFileType = folder.assetcatalog; path = Assets.xcassets; sourceTree = "<group>"; };
		2012AEA62C9F7C20009F5ED8 /* Base */ = {isa = PBXFileReference; lastKnownFileType = file.storyboard; name = Base; path = Base.lproj/LaunchScreen.storyboard; sourceTree = "<group>"; };
		2012AEA82C9F7C20009F5ED8 /* Info.plist */ = {isa = PBXFileReference; lastKnownFileType = text.plist.xml; path = Info.plist; sourceTree = "<group>"; };
		2012AEB42C9F7DEC009F5ED8 /* OnboardingViewController.swift */ = {isa = PBXFileReference; lastKnownFileType = sourcecode.swift; path = OnboardingViewController.swift; sourceTree = "<group>"; };
		2012AEB52C9F7DEC009F5ED8 /* OnboardingViewController.xib */ = {isa = PBXFileReference; lastKnownFileType = file.xib; path = OnboardingViewController.xib; sourceTree = "<group>"; };
		2012AEB92C9F81F1009F5ED8 /* OnboardingCollectionViewCell.swift */ = {isa = PBXFileReference; lastKnownFileType = sourcecode.swift; path = OnboardingCollectionViewCell.swift; sourceTree = "<group>"; };
		2012AEBA2C9F81F1009F5ED8 /* OnboardingCollectionViewCell.xib */ = {isa = PBXFileReference; lastKnownFileType = file.xib; path = OnboardingCollectionViewCell.xib; sourceTree = "<group>"; };
		201FE63D2CCAC4460082F9F4 /* CartButtonView.swift */ = {isa = PBXFileReference; lastKnownFileType = sourcecode.swift; path = CartButtonView.swift; sourceTree = "<group>"; };
		2028A77B2CA531C300448D59 /* TopHeaderCollectionViewCell.swift */ = {isa = PBXFileReference; lastKnownFileType = sourcecode.swift; path = TopHeaderCollectionViewCell.swift; sourceTree = "<group>"; };
		2028A77C2CA531C300448D59 /* TopHeaderCollectionViewCell.xib */ = {isa = PBXFileReference; lastKnownFileType = file.xib; path = TopHeaderCollectionViewCell.xib; sourceTree = "<group>"; };
		2032669C2CA2427F00EE7F74 /* UIViewExtensions.swift */ = {isa = PBXFileReference; lastKnownFileType = sourcecode.swift; path = UIViewExtensions.swift; sourceTree = "<group>"; };
		2036C5062C9FC4CC0026B255 /* HomeViewController.swift */ = {isa = PBXFileReference; lastKnownFileType = sourcecode.swift; path = HomeViewController.swift; sourceTree = "<group>"; };
		2036C50A2C9FC5C20026B255 /* CollectionHelpers.swift */ = {isa = PBXFileReference; lastKnownFileType = sourcecode.swift; path = CollectionHelpers.swift; sourceTree = "<group>"; };
		2036C50D2C9FCA7F0026B255 /* Helpers.swift */ = {isa = PBXFileReference; lastKnownFileType = sourcecode.swift; path = Helpers.swift; sourceTree = "<group>"; };
		203C9B8D2CAC07F000E38A27 /* PopularFoodViewController.swift */ = {isa = PBXFileReference; lastKnownFileType = sourcecode.swift; path = PopularFoodViewController.swift; sourceTree = "<group>"; };
		203C9B952CAC0FC600E38A27 /* PopularFoodCollectionViewCell.swift */ = {isa = PBXFileReference; lastKnownFileType = sourcecode.swift; path = PopularFoodCollectionViewCell.swift; sourceTree = "<group>"; };
		203C9B962CAC0FC600E38A27 /* PopularFoodCollectionViewCell.xib */ = {isa = PBXFileReference; lastKnownFileType = file.xib; path = PopularFoodCollectionViewCell.xib; sourceTree = "<group>"; };
		203C9B9B2CAC103C00E38A27 /* CategoryViewController.swift */ = {isa = PBXFileReference; lastKnownFileType = sourcecode.swift; path = CategoryViewController.swift; sourceTree = "<group>"; };
		203C9B9D2CAC132100E38A27 /* AppColors.swift */ = {isa = PBXFileReference; lastKnownFileType = sourcecode.swift; path = AppColors.swift; sourceTree = "<group>"; };
		203C9B9F2CAC159700E38A27 /* MockViewController.swift */ = {isa = PBXFileReference; lastKnownFileType = sourcecode.swift; path = MockViewController.swift; sourceTree = "<group>"; };
		20412FAE2CC966A1008E180E /* SuggestionProductCollectionViewCell.swift */ = {isa = PBXFileReference; lastKnownFileType = sourcecode.swift; path = SuggestionProductCollectionViewCell.swift; sourceTree = "<group>"; };
		20412FAF2CC966A1008E180E /* SuggestionProductCollectionViewCell.xib */ = {isa = PBXFileReference; lastKnownFileType = file.xib; path = SuggestionProductCollectionViewCell.xib; sourceTree = "<group>"; };
		205F4F3F2CB9578F00F9D651 /* CartViewController.swift */ = {isa = PBXFileReference; lastKnownFileType = sourcecode.swift; path = CartViewController.swift; sourceTree = "<group>"; };
		205F4F402CB9578F00F9D651 /* CartViewController.xib */ = {isa = PBXFileReference; lastKnownFileType = file.xib; path = CartViewController.xib; sourceTree = "<group>"; };
		205F54DD2CC957A200D284B4 /* CartProductsTableViewCell.swift */ = {isa = PBXFileReference; lastKnownFileType = sourcecode.swift; path = CartProductsTableViewCell.swift; sourceTree = "<group>"; };
		205F54DE2CC957A200D284B4 /* CartProductsTableViewCell.xib */ = {isa = PBXFileReference; lastKnownFileType = file.xib; path = CartProductsTableViewCell.xib; sourceTree = "<group>"; };
		205F75C32CA239E7007D734F /* CategoryCollectionViewCell.swift */ = {isa = PBXFileReference; lastKnownFileType = sourcecode.swift; path = CategoryCollectionViewCell.swift; sourceTree = "<group>"; };
		205F75C42CA239E7007D734F /* CategoryCollectionViewCell.xib */ = {isa = PBXFileReference; lastKnownFileType = file.xib; path = CategoryCollectionViewCell.xib; sourceTree = "<group>"; };
		20783AAB2CA5438200EEDF0C /* BannerCollectionViewCell.swift */ = {isa = PBXFileReference; lastKnownFileType = sourcecode.swift; path = BannerCollectionViewCell.swift; sourceTree = "<group>"; };
		20783AAC2CA5438200EEDF0C /* BannerCollectionViewCell.xib */ = {isa = PBXFileReference; lastKnownFileType = file.xib; path = BannerCollectionViewCell.xib; sourceTree = "<group>"; };
		208815C82CAB8912007CFF8C /* MainTabBarViewController.swift */ = {isa = PBXFileReference; lastKnownFileType = sourcecode.swift; path = MainTabBarViewController.swift; sourceTree = "<group>"; };
		20C0F9652CA55FC000FCF12A /* ProductsCollectionViewCell.swift */ = {isa = PBXFileReference; lastKnownFileType = sourcecode.swift; path = ProductsCollectionViewCell.swift; sourceTree = "<group>"; };
		20C0F9662CA55FC000FCF12A /* ProductsCollectionViewCell.xib */ = {isa = PBXFileReference; lastKnownFileType = file.xib; path = ProductsCollectionViewCell.xib; sourceTree = "<group>"; };
		20E9AD6D2CB1200E00F480F5 /* ProductDetailsView.swift */ = {isa = PBXFileReference; lastKnownFileType = sourcecode.swift; path = ProductDetailsView.swift; sourceTree = "<group>"; };
		20E9AD712CB1251800F480F5 /* ProductImageView.swift */ = {isa = PBXFileReference; lastKnownFileType = sourcecode.swift; path = ProductImageView.swift; sourceTree = "<group>"; };
		20E9AD732CB1289600F480F5 /* ProductDataView.swift */ = {isa = PBXFileReference; lastKnownFileType = sourcecode.swift; path = ProductDataView.swift; sourceTree = "<group>"; };
		20E9AD752CB142F500F480F5 /* ProductDetailsViewController.swift */ = {isa = PBXFileReference; lastKnownFileType = sourcecode.swift; path = ProductDetailsViewController.swift; sourceTree = "<group>"; };
		20EC084A2CA227AA002B5FB9 /* HeaderSectionCollectionReusableView.swift */ = {isa = PBXFileReference; lastKnownFileType = sourcecode.swift; path = HeaderSectionCollectionReusableView.swift; sourceTree = "<group>"; };
		20EC084B2CA227AA002B5FB9 /* HeaderSectionCollectionReusableView.xib */ = {isa = PBXFileReference; lastKnownFileType = file.xib; path = HeaderSectionCollectionReusableView.xib; sourceTree = "<group>"; };
/* End PBXFileReference section */

/* Begin PBXFrameworksBuildPhase section */
		2012AE942C9F7C1D009F5ED8 /* Frameworks */ = {
			isa = PBXFrameworksBuildPhase;
			buildActionMask = 2147483647;
			files = (
			);
			runOnlyForDeploymentPostprocessing = 0;
		};
/* End PBXFrameworksBuildPhase section */

/* Begin PBXGroup section */
		2012AE8E2C9F7C1D009F5ED8 = {
			isa = PBXGroup;
			children = (
				2012AE992C9F7C1D009F5ED8 /* Yumum */,
				2012AE982C9F7C1D009F5ED8 /* Products */,
			);
			sourceTree = "<group>";
		};
		2012AE982C9F7C1D009F5ED8 /* Products */ = {
			isa = PBXGroup;
			children = (
				2012AE972C9F7C1D009F5ED8 /* Yumum.app */,
			);
			name = Products;
			sourceTree = "<group>";
		};
		2012AE992C9F7C1D009F5ED8 /* Yumum */ = {
			isa = PBXGroup;
			children = (
				2012AEBD2C9F89CC009F5ED8 /* resources */,
				2012AEAE2C9F7D9A009F5ED8 /* Core */,
				2012AE9A2C9F7C1D009F5ED8 /* AppDelegate.swift */,
				2012AE9C2C9F7C1D009F5ED8 /* SceneDelegate.swift */,
				2012AEA32C9F7C20009F5ED8 /* Assets.xcassets */,
				2012AEA52C9F7C20009F5ED8 /* LaunchScreen.storyboard */,
				2012AEA82C9F7C20009F5ED8 /* Info.plist */,
			);
			path = Yumum;
			sourceTree = "<group>";
		};
		2012AEAE2C9F7D9A009F5ED8 /* Core */ = {
			isa = PBXGroup;
			children = (
				20E9AD672CB11F2200F480F5 /* Main */,
				20E9AD682CB11F2A00F480F5 /* Sub */,
			);
			path = Core;
			sourceTree = "<group>";
		};
		2012AEAF2C9F7DA3009F5ED8 /* OnBoarding */ = {
			isa = PBXGroup;
			children = (
				2012AEB32C9F7DC8009F5ED8 /* Model */,
				2012AEB22C9F7DC2009F5ED8 /* ViewModel */,
				2012AEB12C9F7DBE009F5ED8 /* View */,
			);
			path = OnBoarding;
			sourceTree = "<group>";
		};
		2012AEB02C9F7DAB009F5ED8 /* Auth */ = {
			isa = PBXGroup;
			children = (
			);
			path = Auth;
			sourceTree = "<group>";
		};
		2012AEB12C9F7DBE009F5ED8 /* View */ = {
			isa = PBXGroup;
			children = (
				2012AEB82C9F81D9009F5ED8 /* Cells */,
				2012AEB42C9F7DEC009F5ED8 /* OnboardingViewController.swift */,
				2012AEB52C9F7DEC009F5ED8 /* OnboardingViewController.xib */,
			);
			path = View;
			sourceTree = "<group>";
		};
		2012AEB22C9F7DC2009F5ED8 /* ViewModel */ = {
			isa = PBXGroup;
			children = (
			);
			path = ViewModel;
			sourceTree = "<group>";
		};
		2012AEB32C9F7DC8009F5ED8 /* Model */ = {
			isa = PBXGroup;
			children = (
			);
			path = Model;
			sourceTree = "<group>";
		};
		2012AEB82C9F81D9009F5ED8 /* Cells */ = {
			isa = PBXGroup;
			children = (
				2012AEB92C9F81F1009F5ED8 /* OnboardingCollectionViewCell.swift */,
				2012AEBA2C9F81F1009F5ED8 /* OnboardingCollectionViewCell.xib */,
			);
			path = Cells;
			sourceTree = "<group>";
		};
		2012AEBD2C9F89CC009F5ED8 /* resources */ = {
			isa = PBXGroup;
			children = (
				2032669C2CA2427F00EE7F74 /* UIViewExtensions.swift */,
				203C9B9D2CAC132100E38A27 /* AppColors.swift */,
			);
			path = resources;
			sourceTree = "<group>";
		};
		2028A77A2CA5319A00448D59 /* TopHeaderCell */ = {
			isa = PBXGroup;
			children = (
				2028A77B2CA531C300448D59 /* TopHeaderCollectionViewCell.swift */,
				2028A77C2CA531C300448D59 /* TopHeaderCollectionViewCell.xib */,
			);
			path = TopHeaderCell;
			sourceTree = "<group>";
		};
		2028A77F2CA531C800448D59 /* SectionsHeaderReuseView */ = {
			isa = PBXGroup;
			children = (
				20EC084A2CA227AA002B5FB9 /* HeaderSectionCollectionReusableView.swift */,
				20EC084B2CA227AA002B5FB9 /* HeaderSectionCollectionReusableView.xib */,
			);
			path = SectionsHeaderReuseView;
			sourceTree = "<group>";
		};
		2036C5042C9FC4AD0026B255 /* Home */ = {
			isa = PBXGroup;
			children = (
				2036C50C2C9FCA640026B255 /* Helpers */,
				2036C5092C9FC5A60026B255 /* Model */,
				2036C5082C9FC5A10026B255 /* ViewModel */,
				2036C5052C9FC4B30026B255 /* View */,
			);
			path = Home;
			sourceTree = "<group>";
		};
		2036C5052C9FC4B30026B255 /* View */ = {
			isa = PBXGroup;
			children = (
				203C9B912CAC088500E38A27 /* Main */,
				20EC08442CA22728002B5FB9 /* Cells */,
			);
			path = View;
			sourceTree = "<group>";
		};
		2036C5082C9FC5A10026B255 /* ViewModel */ = {
			isa = PBXGroup;
			children = (
			);
			path = ViewModel;
			sourceTree = "<group>";
		};
		2036C5092C9FC5A60026B255 /* Model */ = {
			isa = PBXGroup;
			children = (
				2036C50A2C9FC5C20026B255 /* CollectionHelpers.swift */,
			);
			path = Model;
			sourceTree = "<group>";
		};
		2036C50C2C9FCA640026B255 /* Helpers */ = {
			isa = PBXGroup;
			children = (
				2036C50D2C9FCA7F0026B255 /* Helpers.swift */,
			);
			path = Helpers;
			sourceTree = "<group>";
		};
		203C9B8A2CAC07C700E38A27 /* PopularFood */ = {
			isa = PBXGroup;
			children = (
				203C9B8B2CAC07CB00E38A27 /* View */,
			);
			path = PopularFood;
			sourceTree = "<group>";
		};
		203C9B8B2CAC07CB00E38A27 /* View */ = {
			isa = PBXGroup;
			children = (
				203C9B902CAC087E00E38A27 /* Main */,
				203C9B8F2CAC086D00E38A27 /* Cells */,
				201FE63D2CCAC4460082F9F4 /* CartButtonView.swift */,
			);
			path = View;
			sourceTree = "<group>";
		};
		203C9B8F2CAC086D00E38A27 /* Cells */ = {
			isa = PBXGroup;
			children = (
				203C9B952CAC0FC600E38A27 /* PopularFoodCollectionViewCell.swift */,
				203C9B962CAC0FC600E38A27 /* PopularFoodCollectionViewCell.xib */,
			);
			path = Cells;
			sourceTree = "<group>";
		};
		203C9B902CAC087E00E38A27 /* Main */ = {
			isa = PBXGroup;
			children = (
				203C9B8D2CAC07F000E38A27 /* PopularFoodViewController.swift */,
			);
			path = Main;
			sourceTree = "<group>";
		};
		203C9B912CAC088500E38A27 /* Main */ = {
			isa = PBXGroup;
			children = (
				2036C5062C9FC4CC0026B255 /* HomeViewController.swift */,
				203C9B9F2CAC159700E38A27 /* MockViewController.swift */,
			);
			path = Main;
			sourceTree = "<group>";
		};
		203C9B922CAC0A0800E38A27 /* Cells */ = {
			isa = PBXGroup;
			children = (
				203C9B942CAC0A2000E38A27 /* CategoryCell */,
			);
			path = Cells;
			sourceTree = "<group>";
		};
		203C9B942CAC0A2000E38A27 /* CategoryCell */ = {
			isa = PBXGroup;
			children = (
				205F75C32CA239E7007D734F /* CategoryCollectionViewCell.swift */,
				205F75C42CA239E7007D734F /* CategoryCollectionViewCell.xib */,
			);
			path = CategoryCell;
			sourceTree = "<group>";
		};
		203C9B992CAC101800E38A27 /* Main */ = {
			isa = PBXGroup;
			children = (
				203C9B9B2CAC103C00E38A27 /* CategoryViewController.swift */,
			);
			path = Main;
			sourceTree = "<group>";
		};
		20412FAC2CC9665F008E180E /* CartProductTableCell */ = {
			isa = PBXGroup;
			children = (
				205F54DD2CC957A200D284B4 /* CartProductsTableViewCell.swift */,
				205F54DE2CC957A200D284B4 /* CartProductsTableViewCell.xib */,
			);
			path = CartProductTableCell;
			sourceTree = "<group>";
		};
		20412FAD2CC96679008E180E /* Suggestion Collection Cell */ = {
			isa = PBXGroup;
			children = (
				20412FAE2CC966A1008E180E /* SuggestionProductCollectionViewCell.swift */,
				20412FAF2CC966A1008E180E /* SuggestionProductCollectionViewCell.xib */,
			);
			path = "Suggestion Collection Cell";
			sourceTree = "<group>";
		};
		205F4F3B2CB9576A00F9D651 /* Cart */ = {
			isa = PBXGroup;
			children = (
				205F4F3E2CB9577F00F9D651 /* Model */,
				205F4F3D2CB9577A00F9D651 /* ViewModel */,
				205F4F3C2CB9576D00F9D651 /* View */,
			);
			path = Cart;
			sourceTree = "<group>";
		};
		205F4F3C2CB9576D00F9D651 /* View */ = {
			isa = PBXGroup;
			children = (
				205F54DC2CC9578D00D284B4 /* Cells */,
				205F54DB2CC9578300D284B4 /* Main */,
			);
			path = View;
			sourceTree = "<group>";
		};
		205F4F3D2CB9577A00F9D651 /* ViewModel */ = {
			isa = PBXGroup;
			children = (
			);
			path = ViewModel;
			sourceTree = "<group>";
		};
		205F4F3E2CB9577F00F9D651 /* Model */ = {
			isa = PBXGroup;
			children = (
			);
			path = Model;
			sourceTree = "<group>";
		};
		205F54DB2CC9578300D284B4 /* Main */ = {
			isa = PBXGroup;
			children = (
				205F4F3F2CB9578F00F9D651 /* CartViewController.swift */,
				205F4F402CB9578F00F9D651 /* CartViewController.xib */,
			);
			path = Main;
			sourceTree = "<group>";
		};
		205F54DC2CC9578D00D284B4 /* Cells */ = {
			isa = PBXGroup;
			children = (
				20412FAD2CC96679008E180E /* Suggestion Collection Cell */,
				20412FAC2CC9665F008E180E /* CartProductTableCell */,
			);
			path = Cells;
			sourceTree = "<group>";
		};
		205F75C12CA239C1007D734F /* Category */ = {
			isa = PBXGroup;
			children = (
				205F75C22CA239C4007D734F /* View */,
			);
			path = Category;
			sourceTree = "<group>";
		};
		205F75C22CA239C4007D734F /* View */ = {
			isa = PBXGroup;
			children = (
				203C9B992CAC101800E38A27 /* Main */,
				203C9B922CAC0A0800E38A27 /* Cells */,
			);
			path = View;
			sourceTree = "<group>";
		};
		20783AAA2CA5437000EEDF0C /* BannerCell */ = {
			isa = PBXGroup;
			children = (
				20783AAB2CA5438200EEDF0C /* BannerCollectionViewCell.swift */,
				20783AAC2CA5438200EEDF0C /* BannerCollectionViewCell.xib */,
			);
			path = BannerCell;
			sourceTree = "<group>";
		};
		208815C62CAB88EF007CFF8C /* TabBar */ = {
			isa = PBXGroup;
			children = (
				208815C72CAB88F3007CFF8C /* View */,
			);
			path = TabBar;
			sourceTree = "<group>";
		};
		208815C72CAB88F3007CFF8C /* View */ = {
			isa = PBXGroup;
			children = (
				208815C82CAB8912007CFF8C /* MainTabBarViewController.swift */,
			);
			path = View;
			sourceTree = "<group>";
		};
		20C0F9642CA55FB300FCF12A /* ProductsCell */ = {
			isa = PBXGroup;
			children = (
				20C0F9652CA55FC000FCF12A /* ProductsCollectionViewCell.swift */,
				20C0F9662CA55FC000FCF12A /* ProductsCollectionViewCell.xib */,
			);
			path = ProductsCell;
			sourceTree = "<group>";
		};
		20E9AD672CB11F2200F480F5 /* Main */ = {
			isa = PBXGroup;
			children = (
				208815C62CAB88EF007CFF8C /* TabBar */,
				2036C5042C9FC4AD0026B255 /* Home */,
			);
			path = Main;
			sourceTree = "<group>";
		};
		20E9AD682CB11F2A00F480F5 /* Sub */ = {
			isa = PBXGroup;
			children = (
				205F4F3B2CB9576A00F9D651 /* Cart */,
				20E9AD692CB11FDA00F480F5 /* ProductDetails */,
				203C9B8A2CAC07C700E38A27 /* PopularFood */,
				205F75C12CA239C1007D734F /* Category */,
				2012AEB02C9F7DAB009F5ED8 /* Auth */,
				2012AEAF2C9F7DA3009F5ED8 /* OnBoarding */,
			);
			path = Sub;
			sourceTree = "<group>";
		};
		20E9AD692CB11FDA00F480F5 /* ProductDetails */ = {
			isa = PBXGroup;
			children = (
				20E9AD6C2CB11FED00F480F5 /* Model */,
				20E9AD6B2CB11FE800F480F5 /* ViewModel */,
				20E9AD6A2CB11FE500F480F5 /* View */,
			);
			path = ProductDetails;
			sourceTree = "<group>";
		};
		20E9AD6A2CB11FE500F480F5 /* View */ = {
			isa = PBXGroup;
			children = (
				20E9AD702CB124F300F480F5 /* Components */,
				20E9AD6F2CB124EF00F480F5 /* Main */,
			);
			path = View;
			sourceTree = "<group>";
		};
		20E9AD6B2CB11FE800F480F5 /* ViewModel */ = {
			isa = PBXGroup;
			children = (
			);
			path = ViewModel;
			sourceTree = "<group>";
		};
		20E9AD6C2CB11FED00F480F5 /* Model */ = {
			isa = PBXGroup;
			children = (
			);
			path = Model;
			sourceTree = "<group>";
		};
		20E9AD6F2CB124EF00F480F5 /* Main */ = {
			isa = PBXGroup;
			children = (
				20E9AD6D2CB1200E00F480F5 /* ProductDetailsView.swift */,
				20E9AD752CB142F500F480F5 /* ProductDetailsViewController.swift */,
			);
			path = Main;
			sourceTree = "<group>";
		};
		20E9AD702CB124F300F480F5 /* Components */ = {
			isa = PBXGroup;
			children = (
				20E9AD712CB1251800F480F5 /* ProductImageView.swift */,
				20E9AD732CB1289600F480F5 /* ProductDataView.swift */,
			);
			path = Components;
			sourceTree = "<group>";
		};
		20EC08442CA22728002B5FB9 /* Cells */ = {
			isa = PBXGroup;
			children = (
				20C0F9642CA55FB300FCF12A /* ProductsCell */,
				20783AAA2CA5437000EEDF0C /* BannerCell */,
				2028A77A2CA5319A00448D59 /* TopHeaderCell */,
				2028A77F2CA531C800448D59 /* SectionsHeaderReuseView */,
			);
			path = Cells;
			sourceTree = "<group>";
		};
/* End PBXGroup section */

/* Begin PBXNativeTarget section */
		2012AE962C9F7C1D009F5ED8 /* Yumum */ = {
			isa = PBXNativeTarget;
			buildConfigurationList = 2012AEAB2C9F7C20009F5ED8 /* Build configuration list for PBXNativeTarget "Yumum" */;
			buildPhases = (
				2012AE932C9F7C1D009F5ED8 /* Sources */,
				2012AE942C9F7C1D009F5ED8 /* Frameworks */,
				2012AE952C9F7C1D009F5ED8 /* Resources */,
			);
			buildRules = (
			);
			dependencies = (
			);
			name = Yumum;
			productName = Yumum;
			productReference = 2012AE972C9F7C1D009F5ED8 /* Yumum.app */;
			productType = "com.apple.product-type.application";
		};
/* End PBXNativeTarget section */

/* Begin PBXProject section */
		2012AE8F2C9F7C1D009F5ED8 /* Project object */ = {
			isa = PBXProject;
			attributes = {
				BuildIndependentTargetsInParallel = 1;
				LastSwiftUpdateCheck = 1540;
				LastUpgradeCheck = 1540;
				TargetAttributes = {
					2012AE962C9F7C1D009F5ED8 = {
						CreatedOnToolsVersion = 15.4;
					};
				};
			};
			buildConfigurationList = 2012AE922C9F7C1D009F5ED8 /* Build configuration list for PBXProject "Yumum" */;
			compatibilityVersion = "Xcode 14.0";
			developmentRegion = en;
			hasScannedForEncodings = 0;
			knownRegions = (
				en,
				Base,
			);
			mainGroup = 2012AE8E2C9F7C1D009F5ED8;
			productRefGroup = 2012AE982C9F7C1D009F5ED8 /* Products */;
			projectDirPath = "";
			projectRoot = "";
			targets = (
				2012AE962C9F7C1D009F5ED8 /* Yumum */,
			);
		};
/* End PBXProject section */

/* Begin PBXResourcesBuildPhase section */
		2012AE952C9F7C1D009F5ED8 /* Resources */ = {
			isa = PBXResourcesBuildPhase;
			buildActionMask = 2147483647;
			files = (
				20E95A242CC8150F0091BE8A /* CartViewController.xib in Resources */,
				203C9B982CAC0FC600E38A27 /* PopularFoodCollectionViewCell.xib in Resources */,
				205F75C62CA239E7007D734F /* CategoryCollectionViewCell.xib in Resources */,
				205F54DF2CC957A200D284B4 /* CartProductsTableViewCell.xib in Resources */,
				2012AEA42C9F7C20009F5ED8 /* Assets.xcassets in Resources */,
				20412FB02CC966A1008E180E /* SuggestionProductCollectionViewCell.xib in Resources */,
				20783AAE2CA5438200EEDF0C /* BannerCollectionViewCell.xib in Resources */,
				2028A77E2CA531C300448D59 /* TopHeaderCollectionViewCell.xib in Resources */,
				2012AEA72C9F7C20009F5ED8 /* Base in Resources */,
				2012AEBC2C9F81F1009F5ED8 /* OnboardingCollectionViewCell.xib in Resources */,
				20C0F9682CA55FC000FCF12A /* ProductsCollectionViewCell.xib in Resources */,
				2012AEB72C9F7DEC009F5ED8 /* OnboardingViewController.xib in Resources */,
				20EC084C2CA227AA002B5FB9 /* HeaderSectionCollectionReusableView.xib in Resources */,
			);
			runOnlyForDeploymentPostprocessing = 0;
		};
/* End PBXResourcesBuildPhase section */

/* Begin PBXSourcesBuildPhase section */
		2012AE932C9F7C1D009F5ED8 /* Sources */ = {
			isa = PBXSourcesBuildPhase;
			buildActionMask = 2147483647;
			files = (
				203C9B972CAC0FC600E38A27 /* PopularFoodCollectionViewCell.swift in Sources */,
				20C0F9672CA55FC000FCF12A /* ProductsCollectionViewCell.swift in Sources */,
				20E9AD722CB1251800F480F5 /* ProductImageView.swift in Sources */,
				203C9B9C2CAC103C00E38A27 /* CategoryViewController.swift in Sources */,
				205F4F412CB9578F00F9D651 /* CartViewController.swift in Sources */,
				2036C5072C9FC4CC0026B255 /* HomeViewController.swift in Sources */,
				2036C50B2C9FC5C20026B255 /* CollectionHelpers.swift in Sources */,
				208815C92CAB8912007CFF8C /* MainTabBarViewController.swift in Sources */,
				2036C50E2C9FCA7F0026B255 /* Helpers.swift in Sources */,
				2012AE9B2C9F7C1D009F5ED8 /* AppDelegate.swift in Sources */,
				205F75C52CA239E7007D734F /* CategoryCollectionViewCell.swift in Sources */,
				20E9AD6E2CB1200E00F480F5 /* ProductDetailsView.swift in Sources */,
				203C9B9E2CAC132200E38A27 /* AppColors.swift in Sources */,
				2028A77D2CA531C300448D59 /* TopHeaderCollectionViewCell.swift in Sources */,
				20783AAD2CA5438200EEDF0C /* BannerCollectionViewCell.swift in Sources */,
				201FE63E2CCAC4460082F9F4 /* CartButtonView.swift in Sources */,
				20EC084D2CA227AA002B5FB9 /* HeaderSectionCollectionReusableView.swift in Sources */,
				203C9BA02CAC159700E38A27 /* MockViewController.swift in Sources */,
				2032669D2CA2427F00EE7F74 /* UIViewExtensions.swift in Sources */,
				2012AEB62C9F7DEC009F5ED8 /* OnboardingViewController.swift in Sources */,
				205F54E02CC957A200D284B4 /* CartProductsTableViewCell.swift in Sources */,
				20E9AD742CB1289600F480F5 /* ProductDataView.swift in Sources */,
				203C9B8E2CAC07F000E38A27 /* PopularFoodViewController.swift in Sources */,
				20412FB12CC966A1008E180E /* SuggestionProductCollectionViewCell.swift in Sources */,
				2012AE9D2C9F7C1D009F5ED8 /* SceneDelegate.swift in Sources */,
				2012AEBB2C9F81F1009F5ED8 /* OnboardingCollectionViewCell.swift in Sources */,
				20E9AD762CB142F500F480F5 /* ProductDetailsViewController.swift in Sources */,
			);
			runOnlyForDeploymentPostprocessing = 0;
		};
/* End PBXSourcesBuildPhase section */

/* Begin PBXVariantGroup section */
		2012AEA52C9F7C20009F5ED8 /* LaunchScreen.storyboard */ = {
			isa = PBXVariantGroup;
			children = (
				2012AEA62C9F7C20009F5ED8 /* Base */,
			);
			name = LaunchScreen.storyboard;
			sourceTree = "<group>";
		};
/* End PBXVariantGroup section */

/* Begin XCBuildConfiguration section */
		2012AEA92C9F7C20009F5ED8 /* Debug */ = {
			isa = XCBuildConfiguration;
			buildSettings = {
				ALWAYS_SEARCH_USER_PATHS = NO;
				ASSETCATALOG_COMPILER_GENERATE_SWIFT_ASSET_SYMBOL_EXTENSIONS = YES;
				CLANG_ANALYZER_NONNULL = YES;
				CLANG_ANALYZER_NUMBER_OBJECT_CONVERSION = YES_AGGRESSIVE;
				CLANG_CXX_LANGUAGE_STANDARD = "gnu++20";
				CLANG_ENABLE_MODULES = YES;
				CLANG_ENABLE_OBJC_ARC = YES;
				CLANG_ENABLE_OBJC_WEAK = YES;
				CLANG_WARN_BLOCK_CAPTURE_AUTORELEASING = YES;
				CLANG_WARN_BOOL_CONVERSION = YES;
				CLANG_WARN_COMMA = YES;
				CLANG_WARN_CONSTANT_CONVERSION = YES;
				CLANG_WARN_DEPRECATED_OBJC_IMPLEMENTATIONS = YES;
				CLANG_WARN_DIRECT_OBJC_ISA_USAGE = YES_ERROR;
				CLANG_WARN_DOCUMENTATION_COMMENTS = YES;
				CLANG_WARN_EMPTY_BODY = YES;
				CLANG_WARN_ENUM_CONVERSION = YES;
				CLANG_WARN_INFINITE_RECURSION = YES;
				CLANG_WARN_INT_CONVERSION = YES;
				CLANG_WARN_NON_LITERAL_NULL_CONVERSION = YES;
				CLANG_WARN_OBJC_IMPLICIT_RETAIN_SELF = YES;
				CLANG_WARN_OBJC_LITERAL_CONVERSION = YES;
				CLANG_WARN_OBJC_ROOT_CLASS = YES_ERROR;
				CLANG_WARN_QUOTED_INCLUDE_IN_FRAMEWORK_HEADER = YES;
				CLANG_WARN_RANGE_LOOP_ANALYSIS = YES;
				CLANG_WARN_STRICT_PROTOTYPES = YES;
				CLANG_WARN_SUSPICIOUS_MOVE = YES;
				CLANG_WARN_UNGUARDED_AVAILABILITY = YES_AGGRESSIVE;
				CLANG_WARN_UNREACHABLE_CODE = YES;
				CLANG_WARN__DUPLICATE_METHOD_MATCH = YES;
				COPY_PHASE_STRIP = NO;
				DEBUG_INFORMATION_FORMAT = dwarf;
				ENABLE_STRICT_OBJC_MSGSEND = YES;
				ENABLE_TESTABILITY = YES;
				ENABLE_USER_SCRIPT_SANDBOXING = YES;
				GCC_C_LANGUAGE_STANDARD = gnu17;
				GCC_DYNAMIC_NO_PIC = NO;
				GCC_NO_COMMON_BLOCKS = YES;
				GCC_OPTIMIZATION_LEVEL = 0;
				GCC_PREPROCESSOR_DEFINITIONS = (
					"DEBUG=1",
					"$(inherited)",
				);
				GCC_WARN_64_TO_32_BIT_CONVERSION = YES;
				GCC_WARN_ABOUT_RETURN_TYPE = YES_ERROR;
				GCC_WARN_UNDECLARED_SELECTOR = YES;
				GCC_WARN_UNINITIALIZED_AUTOS = YES_AGGRESSIVE;
				GCC_WARN_UNUSED_FUNCTION = YES;
				GCC_WARN_UNUSED_VARIABLE = YES;
				IPHONEOS_DEPLOYMENT_TARGET = 17.5;
				LOCALIZATION_PREFERS_STRING_CATALOGS = YES;
				MTL_ENABLE_DEBUG_INFO = INCLUDE_SOURCE;
				MTL_FAST_MATH = YES;
				ONLY_ACTIVE_ARCH = YES;
				SDKROOT = iphoneos;
				SWIFT_ACTIVE_COMPILATION_CONDITIONS = "DEBUG $(inherited)";
				SWIFT_OPTIMIZATION_LEVEL = "-Onone";
			};
			name = Debug;
		};
		2012AEAA2C9F7C20009F5ED8 /* Release */ = {
			isa = XCBuildConfiguration;
			buildSettings = {
				ALWAYS_SEARCH_USER_PATHS = NO;
				ASSETCATALOG_COMPILER_GENERATE_SWIFT_ASSET_SYMBOL_EXTENSIONS = YES;
				CLANG_ANALYZER_NONNULL = YES;
				CLANG_ANALYZER_NUMBER_OBJECT_CONVERSION = YES_AGGRESSIVE;
				CLANG_CXX_LANGUAGE_STANDARD = "gnu++20";
				CLANG_ENABLE_MODULES = YES;
				CLANG_ENABLE_OBJC_ARC = YES;
				CLANG_ENABLE_OBJC_WEAK = YES;
				CLANG_WARN_BLOCK_CAPTURE_AUTORELEASING = YES;
				CLANG_WARN_BOOL_CONVERSION = YES;
				CLANG_WARN_COMMA = YES;
				CLANG_WARN_CONSTANT_CONVERSION = YES;
				CLANG_WARN_DEPRECATED_OBJC_IMPLEMENTATIONS = YES;
				CLANG_WARN_DIRECT_OBJC_ISA_USAGE = YES_ERROR;
				CLANG_WARN_DOCUMENTATION_COMMENTS = YES;
				CLANG_WARN_EMPTY_BODY = YES;
				CLANG_WARN_ENUM_CONVERSION = YES;
				CLANG_WARN_INFINITE_RECURSION = YES;
				CLANG_WARN_INT_CONVERSION = YES;
				CLANG_WARN_NON_LITERAL_NULL_CONVERSION = YES;
				CLANG_WARN_OBJC_IMPLICIT_RETAIN_SELF = YES;
				CLANG_WARN_OBJC_LITERAL_CONVERSION = YES;
				CLANG_WARN_OBJC_ROOT_CLASS = YES_ERROR;
				CLANG_WARN_QUOTED_INCLUDE_IN_FRAMEWORK_HEADER = YES;
				CLANG_WARN_RANGE_LOOP_ANALYSIS = YES;
				CLANG_WARN_STRICT_PROTOTYPES = YES;
				CLANG_WARN_SUSPICIOUS_MOVE = YES;
				CLANG_WARN_UNGUARDED_AVAILABILITY = YES_AGGRESSIVE;
				CLANG_WARN_UNREACHABLE_CODE = YES;
				CLANG_WARN__DUPLICATE_METHOD_MATCH = YES;
				COPY_PHASE_STRIP = NO;
				DEBUG_INFORMATION_FORMAT = "dwarf-with-dsym";
				ENABLE_NS_ASSERTIONS = NO;
				ENABLE_STRICT_OBJC_MSGSEND = YES;
				ENABLE_USER_SCRIPT_SANDBOXING = YES;
				GCC_C_LANGUAGE_STANDARD = gnu17;
				GCC_NO_COMMON_BLOCKS = YES;
				GCC_WARN_64_TO_32_BIT_CONVERSION = YES;
				GCC_WARN_ABOUT_RETURN_TYPE = YES_ERROR;
				GCC_WARN_UNDECLARED_SELECTOR = YES;
				GCC_WARN_UNINITIALIZED_AUTOS = YES_AGGRESSIVE;
				GCC_WARN_UNUSED_FUNCTION = YES;
				GCC_WARN_UNUSED_VARIABLE = YES;
				IPHONEOS_DEPLOYMENT_TARGET = 17.5;
				LOCALIZATION_PREFERS_STRING_CATALOGS = YES;
				MTL_ENABLE_DEBUG_INFO = NO;
				MTL_FAST_MATH = YES;
				SDKROOT = iphoneos;
				SWIFT_COMPILATION_MODE = wholemodule;
				VALIDATE_PRODUCT = YES;
			};
			name = Release;
		};
		2012AEAC2C9F7C20009F5ED8 /* Debug */ = {
			isa = XCBuildConfiguration;
			buildSettings = {
				ASSETCATALOG_COMPILER_APPICON_NAME = AppIcon;
				ASSETCATALOG_COMPILER_GLOBAL_ACCENT_COLOR_NAME = AccentColor;
				CODE_SIGN_STYLE = Automatic;
				CURRENT_PROJECT_VERSION = 1;
				DEVELOPMENT_TEAM = AKB2P78M7Z;
				GENERATE_INFOPLIST_FILE = YES;
				INFOPLIST_FILE = Yumum/Info.plist;
				INFOPLIST_KEY_UIApplicationSupportsIndirectInputEvents = YES;
				INFOPLIST_KEY_UILaunchStoryboardName = LaunchScreen;
				INFOPLIST_KEY_UISupportedInterfaceOrientations_iPad = "UIInterfaceOrientationPortrait UIInterfaceOrientationPortraitUpsideDown UIInterfaceOrientationLandscapeLeft UIInterfaceOrientationLandscapeRight";
				INFOPLIST_KEY_UISupportedInterfaceOrientations_iPhone = "UIInterfaceOrientationPortrait UIInterfaceOrientationLandscapeLeft UIInterfaceOrientationLandscapeRight";
				LD_RUNPATH_SEARCH_PATHS = (
					"$(inherited)",
					"@executable_path/Frameworks",
				);
				MARKETING_VERSION = 1.0;
				PRODUCT_BUNDLE_IDENTIFIER = com.ellashy.Yumum;
				PRODUCT_NAME = "$(TARGET_NAME)";
				SWIFT_EMIT_LOC_STRINGS = YES;
				SWIFT_VERSION = 5.0;
				TARGETED_DEVICE_FAMILY = "1,2";
			};
			name = Debug;
		};
		2012AEAD2C9F7C20009F5ED8 /* Release */ = {
			isa = XCBuildConfiguration;
			buildSettings = {
				ASSETCATALOG_COMPILER_APPICON_NAME = AppIcon;
				ASSETCATALOG_COMPILER_GLOBAL_ACCENT_COLOR_NAME = AccentColor;
				CODE_SIGN_STYLE = Automatic;
				CURRENT_PROJECT_VERSION = 1;
				DEVELOPMENT_TEAM = AKB2P78M7Z;
				GENERATE_INFOPLIST_FILE = YES;
				INFOPLIST_FILE = Yumum/Info.plist;
				INFOPLIST_KEY_UIApplicationSupportsIndirectInputEvents = YES;
				INFOPLIST_KEY_UILaunchStoryboardName = LaunchScreen;
				INFOPLIST_KEY_UISupportedInterfaceOrientations_iPad = "UIInterfaceOrientationPortrait UIInterfaceOrientationPortraitUpsideDown UIInterfaceOrientationLandscapeLeft UIInterfaceOrientationLandscapeRight";
				INFOPLIST_KEY_UISupportedInterfaceOrientations_iPhone = "UIInterfaceOrientationPortrait UIInterfaceOrientationLandscapeLeft UIInterfaceOrientationLandscapeRight";
				LD_RUNPATH_SEARCH_PATHS = (
					"$(inherited)",
					"@executable_path/Frameworks",
				);
				MARKETING_VERSION = 1.0;
				PRODUCT_BUNDLE_IDENTIFIER = com.ellashy.Yumum;
				PRODUCT_NAME = "$(TARGET_NAME)";
				SWIFT_EMIT_LOC_STRINGS = YES;
				SWIFT_VERSION = 5.0;
				TARGETED_DEVICE_FAMILY = "1,2";
			};
			name = Release;
		};
/* End XCBuildConfiguration section */

/* Begin XCConfigurationList section */
		2012AE922C9F7C1D009F5ED8 /* Build configuration list for PBXProject "Yumum" */ = {
			isa = XCConfigurationList;
			buildConfigurations = (
				2012AEA92C9F7C20009F5ED8 /* Debug */,
				2012AEAA2C9F7C20009F5ED8 /* Release */,
			);
			defaultConfigurationIsVisible = 0;
			defaultConfigurationName = Release;
		};
		2012AEAB2C9F7C20009F5ED8 /* Build configuration list for PBXNativeTarget "Yumum" */ = {
			isa = XCConfigurationList;
			buildConfigurations = (
				2012AEAC2C9F7C20009F5ED8 /* Debug */,
				2012AEAD2C9F7C20009F5ED8 /* Release */,
			);
			defaultConfigurationIsVisible = 0;
			defaultConfigurationName = Release;
		};
/* End XCConfigurationList section */
	};
	rootObject = 2012AE8F2C9F7C1D009F5ED8 /* Project object */;
}
